
Microsoft Visual Studio Solution File, Format Version 12.00
# Visual Studio 2013
VisualStudioVersion = 12.0.40629.0
MinimumVisualStudioVersion = 10.0.40219.1
Project("{FAE04EC0-301F-11D3-BF4B-00C04F79EFBC}") = "ProjectEuler", "ProjectEuler\ProjectEuler.csproj", "{83601460-F22E-4506-B2B6-469B2F3DCDC0}"
EndProject
Project("{FAE04EC0-301F-11D3-BF4B-00C04F79EFBC}") = "ProjectEulerTest", "ProjectEulerTest\ProjectEulerTest.csproj", "{D25705F4-2DE8-4EDE-A435-AFDB33B23B45}"
EndProject
Global
	GlobalSection(SolutionConfigurationPlatforms) = preSolution
		Debug|Any CPU = Debug|Any CPU
		Release|Any CPU = Release|Any CPU
	EndGlobalSection
	GlobalSection(ProjectConfigurationPlatforms) = postSolution
		{83601460-F22E-4506-B2B6-469B2F3DCDC0}.Debug|Any CPU.ActiveCfg = Debug|Any CPU
		{83601460-F22E-4506-B2B6-469B2F3DCDC0}.Debug|Any CPU.Build.0 = Debug|Any CPU
		{83601460-F22E-4506-B2B6-469B2F3DCDC0}.Release|Any CPU.ActiveCfg = Release|Any CPU
		{83601460-F22E-4506-B2B6-469B2F3DCDC0}.Release|Any CPU.Build.0 = Release|Any CPU
		{D25705F4-2DE8-4EDE-A435-AFDB33B23B45}.Debug|Any CPU.ActiveCfg = Debug|Any CPU
		{D25705F4-2DE8-4EDE-A435-AFDB33B23B45}.Debug|Any CPU.Build.0 = Debug|Any CPU
		{D25705F4-2DE8-4EDE-A435-AFDB33B23B45}.Release|Any CPU.ActiveCfg = Release|Any CPU
		{D25705F4-2DE8-4EDE-A435-AFDB33B23B45}.Release|Any CPU.Build.0 = Release|Any CPU
	EndGlobalSection
	GlobalSection(SolutionProperties) = preSolution
		HideSolutionNode = FALSE
	EndGlobalSection
EndGlobal
